
Microsoft Visual Studio Solution File, Format Version 12.00
# Visual Studio Version 16
VisualStudioVersion = 25.0.1703.2
MinimumVisualStudioVersion = 10.0.40219.1
Project("{FAE04EC0-301F-11D3-BF4B-00C04F79EFBC}") = "cartoraServer", "cartoraServer\cartoraServer.csproj", "{72292370-0F12-46F8-851B-447240EF2F42}"
EndProject
Global
	GlobalSection(SolutionConfigurationPlatforms) = preSolution
		Debug|Any CPU = Debug|Any CPU
		Release|Any CPU = Release|Any CPU
	EndGlobalSection
	GlobalSection(ProjectConfigurationPlatforms) = postSolution
		{72292370-0F12-46F8-851B-447240EF2F42}.Debug|Any CPU.ActiveCfg = Debug|Any CPU
		{72292370-0F12-46F8-851B-447240EF2F42}.Debug|Any CPU.Build.0 = Debug|Any CPU
		{72292370-0F12-46F8-851B-447240EF2F42}.Release|Any CPU.ActiveCfg = Release|Any CPU
		{72292370-0F12-46F8-851B-447240EF2F42}.Release|Any CPU.Build.0 = Release|Any CPU
	EndGlobalSection
	GlobalSection(SolutionProperties) = preSolution
		HideSolutionNode = FALSE
	EndGlobalSection
	GlobalSection(ExtensibilityGlobals) = postSolution
		SolutionGuid = {54535BD2-308F-4271-9182-D3AC5F56006B}
	EndGlobalSection
EndGlobal
